<?xml version="1.0" encoding="utf-8"?>
<Project ToolsVersion="4.0" xmlns="http://schemas.microsoft.com/developer/msbuild/2003">
  <ItemGroup>
    <Filter Include="Source Files">
      <UniqueIdentifier>{4FC737F1-C7A5-4376-A066-2A32D752A2FF}</UniqueIdentifier>
      <Extensions>cpp;c;cc;cxx;def;odl;idl;hpj;bat;asm;asmx</Extensions>
    </Filter>
    <Filter Include="Header Files">
      <UniqueIdentifier>{93995380-89BD-4b04-88EB-625FBE52EBFB}</UniqueIdentifier>
      <Extensions>h;hh;hpp;hxx;hm;inl;inc;xsd</Extensions>
    </Filter>
    <Filter Include="Resource Files">
      <UniqueIdentifier>{67DA6AB6-F800-4c08-8B7A-83BB121AAD01}</UniqueIdentifier>
      <Extensions>rc;ico;cur;bmp;dlg;rc2;rct;bin;rgs;gif;jpg;jpeg;jpe;resx;tiff;tif;png;wav;mfcribbon-ms</Extensions>
    </Filter>
    <Filter Include="Header Files\virtues">
      <UniqueIdentifier>{0e9e94ce-a58c-41de-a595-62861ae1378d}</UniqueIdentifier>
    </Filter>
    <Filter Include="Source Files\virtues">
      <UniqueIdentifier>{238cfa5e-4f66-4385-aa8b-d340f9479c53}</UniqueIdentifier>
    </Filter>
    <Filter Include="Header Files\misc">
      <UniqueIdentifier>{5cb3cedf-aeca-4532-a5ca-fdf20713bad0}</UniqueIdentifier>
    </Filter>
    <Filter Include="Source Files\misc">
      <UniqueIdentifier>{8160d9ff-dc8a-4f5b-8782-749505ce296e}</UniqueIdentifier>
    </Filter>
    <Filter Include="Header Files\entities">
      <UniqueIdentifier>{9bc6867d-867d-49ae-8efa-270c35c7e24b}</UniqueIdentifier>
    </Filter>
    <Filter Include="Header Files\entities\gui">
      <UniqueIdentifier>{1e73e7f1-803f-4787-8c33-dbfd14b7a8a9}</UniqueIdentifier>
    </Filter>
    <Filter Include="Source Files\entities">
      <UniqueIdentifier>{503b1d26-6262-4f60-ba81-6a321b8b3128}</UniqueIdentifier>
    </Filter>
    <Filter Include="Source Files\entities\gui">
      <UniqueIdentifier>{69df89c8-d16e-4de8-a8f1-c35c14b9873e}</UniqueIdentifier>
    </Filter>
  </ItemGroup>
  <ItemGroup>
    <ClCompile Include="Source.cpp">
      <Filter>Source Files</Filter>
    </ClCompile>
    <ClCompile Include="physics.cpp">
      <Filter>Source Files</Filter>
    </ClCompile>
    <ClCompile Include="event_management.cpp">
      <Filter>Source Files</Filter>
    </ClCompile>
    <ClCompile Include="utillity.cpp">
      <Filter>Source Files</Filter>
    </ClCompile>
    <ClCompile Include="GUI.cpp">
      <Filter>Source Files\virtues</Filter>
    </ClCompile>
    <ClCompile Include="car.cpp">
      <Filter>Source Files\virtues</Filter>
    </ClCompile>
    <ClCompile Include="camera.cpp">
      <Filter>Source Files\virtues</Filter>
    </ClCompile>
    <ClCompile Include="user_input.cpp">
      <Filter>Source Files\virtues</Filter>
    </ClCompile>
    <ClCompile Include="templates.cpp">
      <Filter>Source Files\misc</Filter>
    </ClCompile>
    <ClCompile Include="contacts.cpp">
      <Filter>Source Files\virtues</Filter>
    </ClCompile>
    <ClCompile Include="trebuchet.cpp">
      <Filter>Source Files\virtues</Filter>
    </ClCompile>
    <ClCompile Include="tests.cpp">
      <Filter>Source Files</Filter>
    </ClCompile>
    <ClCompile Include="editor.cpp">
      <Filter>Source Files\virtues</Filter>
    </ClCompile>
    <ClCompile Include="entities.cpp">
      <Filter>Source Files\entities</Filter>
    </ClCompile>
    <ClCompile Include="entity_map.cpp">
      <Filter>Source Files\entities</Filter>
    </ClCompile>
    <ClCompile Include="virtue_management.cpp">
      <Filter>Source Files\virtues</Filter>
    </ClCompile>
    <ClCompile Include="toolbox_item.cpp">
      <Filter>Source Files\entities\gui</Filter>
    </ClCompile>
    <ClCompile Include="toolbox.cpp">
      <Filter>Source Files\entities\gui</Filter>
    </ClCompile>
    <ClCompile Include="sprite_entity.cpp">
      <Filter>Source Files\entities</Filter>
    </ClCompile>
    <ClCompile Include="is_playable.cpp">
      <Filter>Source Files\virtues</Filter>
    </ClCompile>
  </ItemGroup>
  <ItemGroup>
    <ClInclude Include="config.h">
      <Filter>Header Files</Filter>
    </ClInclude>
    <ClInclude Include="physics.h">
      <Filter>Header Files</Filter>
    </ClInclude>
    <ClInclude Include="source.h">
      <Filter>Header Files</Filter>
    </ClInclude>
    <ClInclude Include="message_storage.h">
      <Filter>Header Files</Filter>
    </ClInclude>
    <ClInclude Include="event_management.h">
      <Filter>Header Files</Filter>
    </ClInclude>
    <ClInclude Include="world.h">
      <Filter>Header Files</Filter>
    </ClInclude>
    <ClInclude Include="resource_manager.h">
      <Filter>Header Files</Filter>
    </ClInclude>
    <ClInclude Include="vec2.h">
      <Filter>Header Files</Filter>
    </ClInclude>
    <ClInclude Include="utillity.h">
      <Filter>Header Files</Filter>
    </ClInclude>
    <ClInclude Include="camera.h">
      <Filter>Header Files\virtues</Filter>
    </ClInclude>
    <ClInclude Include="car.h">
      <Filter>Header Files\virtues</Filter>
    </ClInclude>
    <ClInclude Include="GUI.h">
      <Filter>Header Files\virtues</Filter>
    </ClInclude>
    <ClInclude Include="user_input.h">
      <Filter>Header Files\virtues</Filter>
    </ClInclude>
    <ClInclude Include="templates.h">
      <Filter>Header Files\misc</Filter>
    </ClInclude>
    <ClInclude Include="contacts.h">
      <Filter>Header Files\virtues</Filter>
    </ClInclude>
    <ClInclude Include="trebuchet.h">
      <Filter>Header Files\virtues</Filter>
    </ClInclude>
    <ClInclude Include="tests.h">
      <Filter>Header Files</Filter>
    </ClInclude>
    <ClInclude Include="observer_ptr.h">
      <Filter>Header Files\misc</Filter>
    </ClInclude>
    <ClInclude Include="ptr_vec.h">
      <Filter>Header Files\misc</Filter>
    </ClInclude>
    <ClInclude Include="editor.h">
      <Filter>Header Files\virtues</Filter>
    </ClInclude>
    <ClInclude Include="entities.h">
      <Filter>Header Files\entities</Filter>
    </ClInclude>
    <ClInclude Include="entity_map.h">
      <Filter>Header Files\entities</Filter>
    </ClInclude>
    <ClInclude Include="virtue_management.h">
      <Filter>Header Files\virtues</Filter>
    </ClInclude>
    <ClInclude Include="toolbox.h">
      <Filter>Header Files\entities\gui</Filter>
    </ClInclude>
    <ClInclude Include="toolbox_item.h">
      <Filter>Header Files\entities\gui</Filter>
    </ClInclude>
    <ClInclude Include="window.h">
      <Filter>Header Files</Filter>
    </ClInclude>
    <ClInclude Include="sprite_entity.h">
      <Filter>Header Files\entities</Filter>
    </ClInclude>
    <ClInclude Include="animation.h">
      <Filter>Header Files</Filter>
    </ClInclude>
    <ClInclude Include="is_playable.h">
      <Filter>Header Files\virtues</Filter>
    </ClInclude>
  </ItemGroup>
</Project>